{
  "name": "story-spark-ai-backend",
  "version": "1.0.0",
  "lockfileVersion": 3,
  "requires": true,
  "packages": {
    "": {
      "name": "story-spark-ai-backend",
      "version": "1.0.0",
      "license": "MIT",
      "dependencies": {
        "@anthropic-ai/sdk": "^0.102.0",
        "@google/generative-ai": "^0.23.0",
        "bcryptjs": "^3.0.3",
        "compromise": "^14.15.1",
        "cookie-parser": "^1.4.7",
        "cors": "^2.8.5",
        "dotenv": "^16.6.1",
        "express": "^4.21.1",
        "express-rate-limit": "^8.5.2",
        "google-auth-library": "^10.6.2",
        "helmet": "^8.2.0",
        "http-status": "^2.1.0",
        "ioredis": "^5.3.2",
        "jsonwebtoken": "^9.0.2",
        "mongoose": "^8.8.3",
        "morgan": "^1.10.1",
        "multer": "^1.4.5-lts.1",
        "node-cron": "^4.2.1",
        "nodemailer": "^8.0.7",
        "openai": "^4.104.0",
        "razorpay": "^2.9.6",
        "socket.io": "^4.8.3",
        "uuid": "^11.1.0",
        "winston": "^3.19.0",
        "zod": "^3.24.2"
      },
      "devDependencies": {
        "@types/bcryptjs": "^3.0.0",
        "@types/compression": "^1.8.1",
        "@types/cookie-parser": "^1.4.8",
        "@types/cors": "^2.8.17",
        "@types/express": "^4.17.21",
        "@types/jest": "^29.5.14",
        "@types/jsonwebtoken": "^9.0.7",
        "@types/morgan": "^1.9.10",
        "@types/multer": "^1.4.12",
        "@types/node-cron": "^3.0.11",
        "@types/nodemailer": "^6.4.17",
        "jest": "^29.7.0",
        "mongodb-memory-server": "^11.2.0",
        "ts-jest": "^29.4.11",
        "ts-node": "^10.9.2",
        "ts-node-dev": "^2.0.0",
        "tsx": "^4.22.4",
        "typescript": "^5.7.2"
      },
      "engines": {
        "node": "20.x"
      }
    },
    "../node_modules/.pnpm/@google+generative-ai@0.23.0/node_modules/@google/generative-ai": {
      "version": "0.23.0",
      "license": "Apache-2.0",
      "devDependencies": {
        "@changesets/cli": "^2.27.1",
        "@esm-bundle/chai": "^4.3.4-fix.0",
        "@microsoft/api-documenter": "^7.23.12",
        "@microsoft/api-extractor": "^7.50.0",
        "@rollup/plugin-json": "^6.0.1",
        "@types/chai": "^4.3.9",
        "@types/chai-as-promised": "^7.1.8",
        "@types/mocha": "^10.0.3",
        "@types/node": "^20.8.10",
        "@types/sinon": "^10.0.20",
        "@types/sinon-chai": "^3.2.11",
        "@typescript-eslint/eslint-plugin": "^6.9.1",
        "@typescript-eslint/eslint-plugin-tslint": "^6.9.1",
        "@typescript-eslint/parser": "^6.9.1",
        "@web/dev-server-esbuild": "^1.0.1",
        "@web/test-runner": "^0.18.0",
        "chai": "^4.3.10",
        "chai-as-promised": "^7.1.1",
        "chai-deep-equal-ignore-undefined": "^1.1.1",
        "eslint": "^8.52.0",
        "eslint-plugin-import": "^2.29.0",
        "eslint-plugin-unused-imports": "^3.0.0",
        "glob": "^10.3.10",
        "mocha": "^10.2.0",
        "prettier": "^3.0.3",
        "rollup": "^4.2.0",
        "rollup-plugin-dts": "^6.1.0",
        "rollup-plugin-replace": "^2.2.0",
        "rollup-plugin-typescript2": "^0.36.0",
        "sinon": "^17.0.1",
        "sinon-chai": "^3.7.0",
        "ts-node": "^10.9.1",
        "tslint": "^6.1.3",
        "typescript": "5.2.2"
      },
      "engines": {
        "node": ">=18.0.0"
      }
    },
    "../node_modules/.pnpm/@types+bcryptjs@3.0.0/node_modules/@types/bcryptjs": {
      "version": "3.0.0",
      "deprecated": "This is a stub types definition. bcryptjs provides its own type definitions, so you do not need this installed.",
      "dev": true,
      "license": "MIT",
      "dependencies": {
        "bcryptjs": "*"
      }
    },
    "../node_modules/.pnpm/@types+compression@1.8.1/node_modules/@types/compression": {
      "version": "1.8.1",
      "dev": true,
      "license": "MIT",
      "dependencies": {
        "@types/express": "*",
        "@types/node": "*"
      }
    },
    "../node_modules/.pnpm/@types+cookie-parser@1.4.10_@types+express@4.17.25/node_modules/@types/cookie-parser": {
      "version": "1.4.10",
      "dev": true,
      "license": "MIT",
      "peerDependencies": {
        "@types/express": "*"
      }
    },
    "../node_modules/.pnpm/@types+cors@2.8.19/node_modules/@types/cors": {
      "version": "2.8.19",
      "dev": true,
      "license": "MIT",
      "dependencies": {
        "@types/node": "*"
      }
    },
    "../node_modules/.pnpm/@types+express@4.17.25/node_modules/@types/express": {
      "version": "4.17.25",
      "dev": true,
      "license": "MIT",
      "dependencies": {
        "@types/body-parser": "*",
        "@types/express-serve-static-core": "^4.17.33",
        "@types/qs": "*",
        "@types/serve-static": "^1"
      }
    },
    "../node_modules/.pnpm/@types+jest@29.5.14/node_modules/@types/jest": {
      "version": "29.5.14",
      "dev": true,
      "license": "MIT",
      "dependencies": {
        "expect": "^29.0.0",
        "pretty-format": "^29.0.0"
      }
    },
    "../node_modules/.pnpm/@types+jsonwebtoken@9.0.10/node_modules/@types/jsonwebtoken": {
      "version": "9.0.10",
      "dev": true,
      "license": "MIT",
      "dependencies": {
        "@types/ms": "*",
        "@types/node": "*"
      }
    },
    "../node_modules/.pnpm/@types+morgan@1.9.10/node_modules/@types/morgan": {
      "version": "1.9.10",
      "dev": true,
      "license": "MIT",
      "dependencies": {
        "@types/node": "*"
      }
    },
    "../node_modules/.pnpm/@types+multer@1.4.13/node_modules/@types/multer": {
      "version": "1.4.13",
      "dev": true,
      "license": "MIT",
      "dependencies": {
        "@types/express": "*"
      }
    },
    "../node_modules/.pnpm/@types+node-cron@3.0.11/node_modules/@types/node-cron": {
      "version": "3.0.11",
      "dev": true,
      "license": "MIT"
    },
    "../node_modules/.pnpm/@types+nodemailer@6.4.23/node_modules/@types/nodemailer": {
      "version": "6.4.23",
      "dev": true,
      "license": "MIT",
      "dependencies": {
        "@types/node": "*"
      }
    },
    "../node_modules/.pnpm/bcryptjs@3.0.3/node_modules/bcryptjs": {
      "version": "3.0.3",
      "license": "BSD-3-Clause",
      "bin": {
        "bcrypt": "bin/bcrypt"
      },
      "devDependencies": {
        "bcrypt": "^5.1.1",
        "esm2umd": "^0.3.1",
        "prettier": "^3.5.0",
        "typescript": "^5.7.3"
      }
    },
    "../node_modules/.pnpm/compromise@14.15.1/node_modules/compromise": {
      "version": "14.15.1",
      "license": "MIT",
      "dependencies": {
        "efrt": "2.7.0",
        "grad-school": "0.0.5",
        "suffix-thumb": "5.0.2"
      },
      "devDependencies": {
        "@rollup/plugin-node-resolve": "16.0.3",
        "@rollup/plugin-terser": "1.0.0",
        "cross-env": "10.1.0",
        "eslint": "10.4.0",
        "eslint-plugin-regexp": "3.1.0",
        "nlp-corpus": "4.4.0",
        "rollup": "4.60.4",
        "rollup-plugin-filesize-check": "1.2.0",
        "shelljs": "0.10.0",
        "tap-dancer": "0.3.4",
        "tape": "5.9.0"
      },
      "engines": {
        "node": ">=12.0.0"
      }
    },
    "../node_modules/.pnpm/cookie-parser@1.4.7/node_modules/cookie-parser": {
      "version": "1.4.7",
      "license": "MIT",
      "dependencies": {
        "cookie": "0.7.2",
        "cookie-signature": "1.0.6"
      },
      "devDependencies": {
        "eslint": "7.32.0",
        "eslint-config-standard": "14.1.1",
        "eslint-plugin-import": "2.25.2",
        "eslint-plugin-markdown": "2.2.1",
        "eslint-plugin-node": "11.1.0",
        "eslint-plugin-promise": "4.3.1",
        "eslint-plugin-standard": "4.1.0",
        "mocha": "9.2.1",
        "nyc": "15.1.0",
        "supertest": "6.1.6"
      },
      "engines": {
        "node": ">= 0.8.0"
      }
    },
    "../node_modules/.pnpm/cors@2.8.6/node_modules/cors": {
      "version": "2.8.6",
      "license": "MIT",
      "dependencies": {
        "object-assign": "^4",
        "vary": "^1"
      },
      "devDependencies": {
        "after": "0.8.2",
        "eslint": "7.30.0",
        "express": "4.21.2",
        "mocha": "9.2.2",
        "nyc": "15.1.0",
        "supertest": "6.1.3"
      },
      "engines": {
        "node": ">= 0.10"
      },
      "funding": {
        "type": "opencollective",
        "url": "https://opencollective.com/express"
      }
    },
    "../node_modules/.pnpm/dotenv@16.6.1/node_modules/dotenv": {
      "version": "16.6.1",
      "license": "BSD-2-Clause",
      "devDependencies": {
        "@types/node": "^18.11.3",
        "decache": "^4.6.2",
        "sinon": "^14.0.1",
        "standard": "^17.0.0",
        "standard-version": "^9.5.0",
        "tap": "^19.2.0",
        "typescript": "^4.8.4"
      },
      "engines": {
        "node": ">=12"
      },
      "funding": {
        "url": "https://dotenvx.com"
      }
    },
    "../node_modules/.pnpm/express-rate-limit@8.5.2_express@4.22.2/node_modules/express-rate-limit": {
      "version": "8.5.2",
      "license": "MIT",
      "dependencies": {
        "ip-address": "^10.2.0"
      },
      "devDependencies": {
        "@biomejs/biome": "2.4.6",
        "@express-rate-limit/prettier": "1.1.1",
        "@express-rate-limit/tsconfig": "1.0.2",
        "@jest/globals": "30.4.1",
        "@types/express": "5.0.6",
        "@types/jest": "30.0.0",
        "@types/node": "25.7.0",
        "@types/supertest": "7.2.0",
        "del-cli": "7.0.0",
        "dts-bundle-generator": "8.1.2",
        "esbuild": "0.28.0",
        "express": "5.2.1",
        "husky": "9.1.7",
        "jest": "30.4.2",
        "lint-staged": "17.0.4",
        "mintlify": "4.2.559",
        "npm-run-all": "4.1.5",
        "prettier": "3.8.3",
        "ratelimit-header-parser": "0.1.0",
        "supertest": "7.2.2",
        "ts-jest": "29.4.9",
        "ts-node": "10.9.2",
        "typescript": "5.9.3"
      },
      "engines": {
        "node": ">= 16"
      },
      "funding": {
        "url": "https://github.com/sponsors/express-rate-limit"
      },
      "peerDependencies": {
        "express": ">= 4.11"
      }
    },
    "../node_modules/.pnpm/express@4.22.2/node_modules/express": {
      "version": "4.22.2",
      "license": "MIT",
      "dependencies": {
        "accepts": "~1.3.8",
        "array-flatten": "1.1.1",
        "body-parser": "~1.20.5",
        "content-disposition": "~0.5.4",
        "content-type": "~1.0.4",
        "cookie": "~0.7.1",
        "cookie-signature": "~1.0.6",
        "debug": "2.6.9",
        "depd": "2.0.0",
        "encodeurl": "~2.0.0",
        "escape-html": "~1.0.3",
        "etag": "~1.8.1",
        "finalhandler": "~1.3.1",
        "fresh": "~0.5.2",
        "http-errors": "~2.0.0",
        "merge-descriptors": "1.0.3",
        "methods": "~1.1.2",
        "on-finished": "~2.4.1",
        "parseurl": "~1.3.3",
        "path-to-regexp": "~0.1.12",
        "proxy-addr": "~2.0.7",
        "qs": "~6.15.1",
        "range-parser": "~1.2.1",
        "safe-buffer": "5.2.1",
        "send": "~0.19.0",
        "serve-static": "~1.16.2",
        "setprototypeof": "1.2.0",
        "statuses": "~2.0.1",
        "type-is": "~1.6.18",
        "utils-merge": "1.0.1",
        "vary": "~1.1.2"
      },
      "devDependencies": {
        "after": "0.8.2",
        "connect-redis": "3.4.2",
        "cookie-parser": "1.4.6",
        "cookie-session": "2.0.0",
        "ejs": "3.1.9",
        "eslint": "8.47.0",
        "express-session": "1.17.2",
        "hbs": "4.2.0",
        "marked": "0.7.0",
        "method-override": "3.0.0",
        "mocha": "^6.2.2",
        "morgan": "1.10.0",
        "nyc": "^14.1.1",
        "pbkdf2-password": "1.2.1",
        "supertest": "^6.1.6",
        "vhost": "~3.0.2"
      },
      "engines": {
        "node": ">= 0.10.0"
      },
      "funding": {
        "type": "opencollective",
        "url": "https://opencollective.com/express"
      }
    },
    "../node_modules/.pnpm/google-auth-library@10.6.2/node_modules/google-auth-library": {
      "version": "10.6.2",
      "license": "Apache-2.0",
      "dependencies": {
        "base64-js": "^1.3.0",
        "ecdsa-sig-formatter": "^1.0.11",
        "gaxios": "^7.1.4",
        "gcp-metadata": "8.1.2",
        "google-logging-utils": "1.1.3",
        "jws": "^4.0.0"
      },
      "devDependencies": {
        "@types/base64-js": "^1.2.5",
        "@types/jws": "^3.1.0",
        "@types/mocha": "^10.0.10",
        "@types/mv": "^2.1.0",
        "@types/ncp": "^2.0.8",
        "@types/node": "^24.0.0",
        "@types/sinon": "^21.0.0",
        "assert-rejects": "^1.0.0",
        "c8": "^10.1.3",
        "codecov": "^3.8.3",
        "gts": "^6.0.2",
        "is-docker": "^3.0.0",
        "jsdoc": "^4.0.4",
        "jsdoc-fresh": "^5.0.0",
        "jsdoc-region-tag": "^4.0.0",
        "karma": "^6.0.0",
        "karma-chrome-launcher": "^3.0.0",
        "karma-coverage": "^2.0.0",
        "karma-firefox-launcher": "^2.0.0",
        "karma-mocha": "^2.0.0",
        "karma-sourcemap-loader": "^0.4.0",
        "karma-webpack": "^5.0.1",
        "keypair": "^1.0.4",
        "mocha": "^11.1.0",
        "mv": "^2.1.1",
        "ncp": "^2.0.0",
        "nock": "^14.0.5",
        "null-loader": "^4.0.1",
        "puppeteer": "^24.0.0",
        "sinon": "^21.0.0",
        "ts-loader": "^9.5.2",
        "typescript": "5.8.3",
        "webpack": "^5.97.1",
        "webpack-cli": "^6.0.1"
      },
      "engines": {
        "node": ">=18"
      }
    },
    "../node_modules/.pnpm/helmet@8.2.0/node_modules/helmet": {
      "version": "8.2.0",
      "license": "MIT",
      "engines": {
        "node": ">=18.0.0"
      },
      "funding": {
        "url": "https://github.com/sponsors/EvanHahn"
      }
    },
    "../node_modules/.pnpm/http-status@2.1.0/node_modules/http-status": {
      "version": "2.1.0",
      "license": "BSD-3-Clause",
      "devDependencies": {
        "@commitlint/cli": "^19.5.0",
        "@commitlint/config-conventional": "^19.5.0",
        "@eslint/core": "^0.7.0",
        "@eslint/js": "^9.13.0",
        "@types/eslint__js": "^8.42.3",
        "@types/mocha": "^10.0.9",
        "@types/node": "^22.7.7",
        "@types/should": "^13.0.0",
        "commitlint": "^19.5.0",
        "eslint": "^9.13.0",
        "eslint-config-prettier": "^9.1.0",
        "eslint-plugin-mocha": "^10.5.0",
        "eslint-plugin-prettier": "^5.2.1",
        "husky": "^9.1.6",
        "lint-staged": "^15.2.10",
        "mocha": "10.7.3",
        "prettier": "^3.3.3",
        "should": "13.2.3",
        "standard-version": "^9.5.0",
        "ts-node": "^10.9.2",
        "tsup": "^8.3.0",
        "typescript": "^5.6.3",
        "typescript-eslint": "^8.10.0"
      },
      "engines": {
        "node": ">= 0.4.0"
      }
    },
    "../node_modules/.pnpm/ioredis@5.11.1/node_modules/ioredis": {
      "version": "5.11.1",
      "license": "MIT",
      "dependencies": {
        "@ioredis/commands": "1.10.0",
        "cluster-key-slot": "1.1.1",
        "debug": "4.4.3",
        "denque": "2.1.0",
        "redis-errors": "1.2.0",
        "redis-parser": "3.0.0",
        "standard-as-callback": "2.1.0"
      },
      "devDependencies": {
        "@ioredis/interface-generator": "^1.3.0",
        "@semantic-release/changelog": "^6.0.1",
        "@semantic-release/commit-analyzer": "^9.0.2",
        "@semantic-release/git": "^10.0.1",
        "@types/chai": "^4.3.0",
        "@types/chai-as-promised": "^7.1.5",
        "@types/debug": "^4.1.5",
        "@types/mocha": "^9.1.0",
        "@types/node": "^14.18.12",
        "@types/redis-errors": "^1.2.1",
        "@types/sinon": "^10.0.11",
        "@typescript-eslint/eslint-plugin": "^5.48.1",
        "@typescript-eslint/parser": "^5.48.1",
        "chai": "^4.3.6",
        "chai-as-promised": "^7.1.1",
        "eslint": "^8.31.0",
        "eslint-config-prettier": "^8.6.0",
        "mocha": "^11.7.6",
        "nyc": "^15.1.0",
        "prettier": "^2.6.1",
        "semantic-release": "^19.0.2",
        "server-destroy": "^1.0.1",
        "sinon": "^13.0.1",
        "ts-node": "^10.4.0",
        "tsd": "^0.19.1",
        "typedoc": "^0.22.18",
        "typescript": "^4.6.3",
        "uuid": "^9.0.0"
      },
      "engines": {
        "node": ">=12.22.0"
      },
      "funding": {
        "type": "opencollective",
        "url": "https://opencollective.com/ioredis"
      }
    },
    "../node_modules/.pnpm/jest@29.7.0_@types+node@22.19.19_ts-node@10.9.2_@types+node@22.19.19_typescript@5.7.3_/node_modules/jest": {
      "version": "29.7.0",
      "dev": true,
      "license": "MIT",
      "dependencies": {
        "@jest/core": "^29.7.0",
        "@jest/types": "^29.6.3",
        "import-local": "^3.0.2",
        "jest-cli": "^29.7.0"
      },
      "bin": {
        "jest": "bin/jest.js"
      },
      "devDependencies": {
        "@tsd/typescript": "^5.0.4",
        "tsd-lite": "^0.7.0"
      },
      "engines": {
        "node": "^14.15.0 || ^16.10.0 || >=18.0.0"
      },
      "peerDependencies": {
        "node-notifier": "^8.0.1 || ^9.0.0 || ^10.0.0"
      },
      "peerDependenciesMeta": {
        "node-notifier": {
          "optional": true
        }
      }
    },
    "../node_modules/.pnpm/jsonwebtoken@9.0.3/node_modules/jsonwebtoken": {
      "version": "9.0.3",
      "license": "MIT",
      "dependencies": {
        "jws": "^4.0.1",
        "lodash.includes": "^4.3.0",
        "lodash.isboolean": "^3.0.3",
        "lodash.isinteger": "^4.0.4",
        "lodash.isnumber": "^3.0.3",
        "lodash.isplainobject": "^4.0.6",
        "lodash.isstring": "^4.0.1",
        "lodash.once": "^4.0.0",
        "ms": "^2.1.1",
        "semver": "^7.5.4"
      },
      "devDependencies": {
        "atob": "^2.1.2",
        "chai": "^4.1.2",
        "conventional-changelog": "~1.1.0",
        "eslint": "^4.19.1",
        "mocha": "^5.2.0",
        "nsp": "^2.6.2",
        "nyc": "^11.9.0",
        "sinon": "^6.0.0"
      },
      "engines": {
        "node": ">=12",
        "npm": ">=6"
      }
    },
    "../node_modules/.pnpm/mongodb-memory-server@11.2.0/node_modules/mongodb-memory-server": {
      "version": "11.2.0",
      "dev": true,
      "hasInstallScript": true,
      "license": "MIT",
      "dependencies": {
        "mongodb-memory-server-core": "11.2.0",
        "tslib": "^2.8.1"
      },
      "engines": {
        "node": ">=20.19.0"
      }
    },
    "../node_modules/.pnpm/mongoose@8.24.0/node_modules/mongoose": {
      "version": "8.24.0",
      "license": "MIT",
      "dependencies": {
        "bson": "^6.10.4",
        "kareem": "2.6.3",
        "mongodb": "~6.20.0",
        "mpath": "0.9.0",
        "mquery": "5.0.0",
        "ms": "2.1.3",
        "sift": "17.1.3"
      },
      "devDependencies": {
        "@ark/attest": "0.53.0",
        "@babel/core": "7.28.5",
        "@babel/preset-env": "7.28.5",
        "@mongodb-js/mongodb-downloader": "^1.0.0",
        "@typescript-eslint/eslint-plugin": "^8.19.1",
        "@typescript-eslint/parser": "^8.19.1",
        "acquit": "1.4.0",
        "acquit-ignore": "0.2.2",
        "acquit-require": "0.1.1",
        "ajv": "8.20.0",
        "assert-browserify": "2.0.0",
        "babel-loader": "8.2.5",
        "broken-link-checker": "^0.7.8",
        "buffer": "^5.6.0",
        "cheerio": "1.1.2",
        "crypto-browserify": "3.12.1",
        "dox": "1.0.0",
        "eslint": "8.57.1",
        "eslint-plugin-markdown": "^5.1.0",
        "eslint-plugin-mocha-no-only": "1.2.0",
        "express": "^4.19.2",
        "fs-extra": "~11.3.0",
        "highlight.js": "11.11.1",
        "lodash.isequal": "4.5.0",
        "lodash.isequalwith": "4.4.0",
        "markdownlint-cli2": "^0.18.1",
        "marked": "15.x",
        "mkdirp": "^3.0.1",
        "mocha": "11.7.4",
        "moment": "2.30.1",
        "mongodb-memory-server": "10.3.0",
        "mongodb-runner": "^6.0.0",
        "ncp": "^2.0.0",
        "nyc": "15.1.0",
        "pug": "3.0.3",
        "q": "1.5.1",
        "sinon": "21.0.0",
        "stream-browserify": "3.0.0",
        "tsd": "0.33.0",
        "typescript": "5.9.3",
        "uuid": "11.1.0",
        "webpack": "5.106.2"
      },
      "engines": {
        "node": ">=16.20.1"
      },
      "funding": {
        "type": "opencollective",
        "url": "https://opencollective.com/mongoose"
      }
    },
    "../node_modules/.pnpm/morgan@1.11.0/node_modules/morgan": {
      "version": "1.11.0",
      "license": "MIT",
      "dependencies": {
        "basic-auth": "~2.0.1",
        "debug": "2.6.9",
        "depd": "~2.0.0",
        "on-finished": "~2.4.1",
        "on-headers": "~1.1.0"
      },
      "devDependencies": {
        "eslint": "6.8.0",
        "eslint-config-standard": "14.1.1",
        "eslint-plugin-import": "2.20.2",
        "eslint-plugin-markdown": "1.0.2",
        "eslint-plugin-node": "11.1.0",
        "eslint-plugin-promise": "4.2.1",
        "eslint-plugin-standard": "4.0.1",
        "mocha": "10.4.0",
        "nyc": "15.1.0",
        "split": "1.0.1",
        "supertest": "4.0.2"
      },
      "engines": {
        "node": ">= 0.8.0"
      },
      "funding": {
        "type": "opencollective",
        "url": "https://opencollective.com/express"
      }
    },
    "../node_modules/.pnpm/multer@1.4.5-lts.2/node_modules/multer": {
      "version": "1.4.5-lts.2",
      "license": "MIT",
      "dependencies": {
        "append-field": "^1.0.0",
        "busboy": "^1.0.0",
        "concat-stream": "^1.5.2",
        "mkdirp": "^0.5.4",
        "object-assign": "^4.1.1",
        "type-is": "^1.6.4",
        "xtend": "^4.0.0"
      },
      "devDependencies": {
        "deep-equal": "^2.0.3",
        "express": "^4.13.1",
        "form-data": "^1.0.0-rc1",
        "fs-temp": "^1.1.2",
        "mocha": "^3.5.3",
        "rimraf": "^2.4.1",
        "standard": "^14.3.3",
        "testdata-w3c-json-form": "^1.0.0"
      },
      "engines": {
        "node": ">= 6.0.0"
      }
    },
    "../node_modules/.pnpm/node-cron@4.2.1/node_modules/node-cron": {
      "version": "4.2.1",
      "license": "ISC",
      "devDependencies": {
        "@eslint/js": "^9.26.0",
        "@tsconfig/recommended": "^1.0.8",
        "@types/chai": "^5.2.1",
        "@types/expect": "^1.20.4",
        "@types/mocha": "^10.0.10",
        "@types/node": "^22.15.3",
        "@types/sinon": "^17.0.4",
        "@typescript-eslint/eslint-plugin": "^8.32.0",
        "@typescript-eslint/parser": "^8.32.0",
        "c8": "^10.1.3",
        "chai": "^5.2.0",
        "eslint": "^9.26.0",
        "eslint-plugin-mocha": "^10.5.0",
        "eslint-plugin-node": "^11.1.0",
        "globals": "^16.1.0",
        "mocha": "^11.1.0",
        "sinon": "^20.0.0",
        "tsup": "^8.4.0",
        "tsx": "^4.19.3",
        "typescript": "^5.8.3",
        "typescript-eslint": "^8.32.0"
      },
      "engines": {
        "node": ">=6.0.0"
      }
    },
    "../node_modules/.pnpm/nodemailer@8.0.8/node_modules/nodemailer": {
      "version": "8.0.8",
      "license": "MIT-0",
      "devDependencies": {
        "@aws-sdk/client-sesv2": "3.1037.0",
        "bunyan": "1.8.15",
        "c8": "11.0.0",
        "eslint": "10.2.1",
        "eslint-config-prettier": "10.1.8",
        "globals": "17.5.0",
        "libbase64": "1.3.0",
        "libmime": "5.3.8",
        "libqp": "2.1.1",
        "prettier": "3.8.3",
        "proxy": "1.0.2",
        "proxy-test-server": "1.0.0",
        "smtp-server": "3.18.4"
      },
      "engines": {
        "node": ">=6.0.0"
      }
    },
    "../node_modules/.pnpm/openai@4.104.0_ws@8.20.1_zod@3.25.76/node_modules/openai": {
      "version": "4.104.0",
      "license": "Apache-2.0",
      "dependencies": {
        "@types/node": "^18.11.18",
        "@types/node-fetch": "^2.6.4",
        "abort-controller": "^3.0.0",
        "agentkeepalive": "^4.2.1",
        "form-data-encoder": "1.7.2",
        "formdata-node": "^4.3.2",
        "node-fetch": "^2.6.7"
      },
      "bin": {
        "openai": "bin/cli"
      },
      "peerDependencies": {
        "ws": "^8.18.0",
        "zod": "^3.23.8"
      },
      "peerDependenciesMeta": {
        "ws": {
          "optional": true
        },
        "zod": {
          "optional": true
        }
      }
    },
    "../node_modules/.pnpm/razorpay@2.9.6/node_modules/razorpay": {
      "version": "2.9.6",
      "license": "MIT",
      "dependencies": {
        "axios": "^1.6.8"
      },
      "devDependencies": {
        "@types/node": "^20.12.12",
        "babel-cli": "^6.26.0",
        "babel-preset-env": "^1.7.0",
        "babel-preset-stage-0": "^6.24.0",
        "babel-register": "^6.26.0",
        "chai": "^4.3.4",
        "deep-equal": "^2.0.5",
        "mocha": "^9.0.0",
        "nock": "^13.1.1",
        "nyc": "^15.1.0",
        "typescript": "^4.9.4"
      }
    },
    "../node_modules/.pnpm/socket.io@4.8.3/node_modules/socket.io": {
      "version": "4.8.3",
      "license": "MIT",
      "dependencies": {
        "accepts": "~1.3.4",
        "base64id": "~2.0.0",
        "cors": "~2.8.5",
        "debug": "~4.4.1",
        "engine.io": "~6.6.0",
        "socket.io-adapter": "~2.5.2",
        "socket.io-parser": "~4.2.4"
      },
      "engines": {
        "node": ">=10.2.0"
      }
    },
    "../node_modules/.pnpm/ts-jest@29.4.11_@babel+core@7.29.0_@jest+transform@29.7.0_@jest+types@29.6.3_babel-jest@29.7._6w4ohrwcxopmsnq5c4sqzttp2u/node_modules/ts-jest": {
      "version": "29.4.11",
      "dev": true,
      "license": "MIT",
      "dependencies": {
        "bs-logger": "^0.2.6",
        "fast-json-stable-stringify": "^2.1.0",
        "handlebars": "^4.7.9",
        "json5": "^2.2.3",
        "lodash.memoize": "^4.1.2",
        "make-error": "^1.3.6",
        "semver": "^7.8.0",
        "type-fest": "^4.41.0",
        "yargs-parser": "^21.1.1"
      },
      "bin": {
        "ts-jest": "cli.js"
      },
      "devDependencies": {
        "@commitlint/cli": "^19.8.1",
        "@commitlint/config-angular": "^19.8.1",
        "@eslint/compat": "^1.4.1",
        "@eslint/eslintrc": "^3.3.5",
        "@eslint/js": "^9.39.4",
        "@jest/globals": "^30.4.1",
        "@jest/transform": "^30.4.1",
        "@jest/types": "^30.4.1",
        "@types/babel__core": "^7.20.5",
        "@types/fs-extra": "^11.0.4",
        "@types/jest": "^29.5.14",
        "@types/js-yaml": "^4.0.9",
        "@types/lodash.camelcase": "^4.3.9",
        "@types/lodash.memoize": "^4.1.9",
        "@types/lodash.set": "^4.3.9",
        "@types/micromatch": "^4.0.10",
        "@types/node": "20.19.41",
        "@types/semver": "^7.7.1",
        "@types/yargs": "^17.0.35",
        "@types/yargs-parser": "21.0.3",
        "@typescript-eslint/eslint-plugin": "^8.59.3",
        "@typescript-eslint/parser": "^8.59.3",
        "babel-jest": "^30.4.1",
        "conventional-changelog": "^7.2.0",
        "conventional-changelog-angular": "^8.3.1",
        "esbuild": "~0.28.0",
        "eslint": "^9.39.4",
        "eslint-config-prettier": "^10.1.8",
        "eslint-plugin-import": "^2.32.0",
        "eslint-plugin-jest": "^28.14.0",
        "eslint-plugin-jsdoc": "^50.8.0",
        "eslint-plugin-prettier": "^4.2.5",
        "execa": "5.1.1",
        "fast-glob": "^3.3.3",
        "fs-extra": "^11.3.5",
        "globals": "^16.5.0",
        "husky": "^9.1.7",
        "jest": "^30.4.2",
        "js-yaml": "^4.1.1",
        "lint-staged": "^15.5.2",
        "memfs": "^4.57.2",
        "prettier": "^2.8.8",
        "rimraf": "^5.0.10",
        "ts-node": "^10.9.2",
        "typescript": "~5.9.3",
        "typescript-eslint": "^8.59.3"
      },
      "engines": {
        "node": "^14.15.0 || ^16.10.0 || ^18.0.0 || >=20.0.0"
      },
      "peerDependencies": {
        "@babel/core": ">=7.0.0-beta.0 <8",
        "@jest/transform": "^29.0.0 || ^30.0.0",
        "@jest/types": "^29.0.0 || ^30.0.0",
        "babel-jest": "^29.0.0 || ^30.0.0",
        "jest": "^29.0.0 || ^30.0.0",
        "jest-util": "^29.0.0 || ^30.0.0",
        "typescript": ">=4.3 <7"
      },
      "peerDependenciesMeta": {
        "@babel/core": {
          "optional": true
        },
        "@jest/transform": {
          "optional": true
        },
        "@jest/types": {
          "optional": true
        },
        "babel-jest": {
          "optional": true
        },
        "esbuild": {
          "optional": true
        },
        "jest-util": {
          "optional": true
        }
      }
    },
    "../node_modules/.pnpm/ts-node-dev@2.0.0_@types+node@22.19.19_typescript@5.7.3/node_modules/ts-node-dev": {
      "version": "2.0.0",
      "dev": true,
      "license": "MIT",
      "dependencies": {
        "chokidar": "^3.5.1",
        "dynamic-dedupe": "^0.3.0",
        "minimist": "^1.2.6",
        "mkdirp": "^1.0.4",
        "resolve": "^1.0.0",
        "rimraf": "^2.6.1",
        "source-map-support": "^0.5.12",
        "tree-kill": "^1.2.2",
        "ts-node": "^10.4.0",
        "tsconfig": "^7.0.0"
      },
      "bin": {
        "ts-node-dev": "lib/bin.js",
        "tsnd": "lib/bin.js"
      },
      "devDependencies": {
        "@types/chai": "^4.2.12",
        "@types/chokidar": "^2.1.3",
        "@types/fs-extra": "^9.0.1",
        "@types/minimist": "^1.2.0",
        "@types/mkdirp": "^1.0.1",
        "@types/mocha": "github:whitecolor/mocha-types",
        "@types/node": "^14.6.0",
        "@types/rimraf": "^3.0.0",
        "@types/tape": "^4.13.0",
        "@types/touch": "^3.1.1",
        "@types/ts-nameof": "^4.2.1",
        "@whitecolor/eslint-config": "^1.0.0",
        "chai": "^4.2.0",
        "chalk": "^4.1.0",
        "coffee-script": "^1.8.0",
        "eslint": "^7.7.0",
        "esm": "^3.2.22",
        "fs-extra": "^9.0.1",
        "mocha": "^8.1.1",
        "np": "^7.6.1",
        "tap": "^5.2.0",
        "tape": "^5.0.1",
        "touch": "^1.0.0",
        "ts-nameof": "^5.0.0",
        "tsconfig-paths": "^3.3.1",
        "ttypescript": "^1.5.10",
        "typescript": "^3.9.5"
      },
      "engines": {
        "node": ">=0.8.0"
      },
      "peerDependencies": {
        "node-notifier": "*",
        "typescript": "*"
      },
      "peerDependenciesMeta": {
        "node-notifier": {
          "optional": true
        }
      }
    },
    "../node_modules/.pnpm/ts-node@10.9.2_@types+node@22.19.19_typescript@5.7.3/node_modules/ts-node": {
      "version": "10.9.2",
      "dev": true,
      "license": "MIT",
      "dependencies": {
        "@cspotcode/source-map-support": "^0.8.0",
        "@tsconfig/node10": "^1.0.7",
        "@tsconfig/node12": "^1.0.7",
        "@tsconfig/node14": "^1.0.0",
        "@tsconfig/node16": "^1.0.2",
        "acorn": "^8.4.1",
        "acorn-walk": "^8.1.1",
        "arg": "^4.1.0",
        "create-require": "^1.1.0",
        "diff": "^4.0.1",
        "make-error": "^1.1.1",
        "v8-compile-cache-lib": "^3.0.1",
        "yn": "3.1.1"
      },
      "bin": {
        "ts-node": "dist/bin.js",
        "ts-node-cwd": "dist/bin-cwd.js",
        "ts-node-esm": "dist/bin-esm.js",
        "ts-node-script": "dist/bin-script.js",
        "ts-node-transpile-only": "dist/bin-transpile.js",
        "ts-script": "dist/bin-script-deprecated.js"
      },
      "devDependencies": {
        "@microsoft/api-extractor": "^7.19.4",
        "@swc/core": "^1.3.100",
        "@swc/wasm": "^1.3.100",
        "@types/diff": "^4.0.2",
        "@types/lodash": "^4.14.151",
        "@types/node": "13.13.5",
        "@types/proper-lockfile": "^4.1.2",
        "@types/proxyquire": "^1.3.28",
        "@types/react": "^16.14.19",
        "@types/rimraf": "^3.0.0",
        "@types/semver": "^7.1.0",
        "@yarnpkg/fslib": "^2.4.0",
        "ava": "^3.15.0",
        "axios": "^0.21.1",
        "dprint": "^0.25.0",
        "expect": "^27.0.2",
        "get-stream": "^6.0.0",
        "lodash": "^4.17.15",
        "ntypescript": "^1.201507091536.1",
        "nyc": "^15.0.1",
        "outdent": "^0.8.0",
        "proper-lockfile": "^4.1.2",
        "proxyquire": "^2.0.0",
        "react": "^16.14.0",
        "rimraf": "^3.0.0",
        "semver": "^7.1.3",
        "throat": "^6.0.1",
        "typedoc": "^0.22.10",
        "typescript": "4.7.4",
        "typescript-json-schema": "^0.53.0",
        "util.promisify": "^1.0.1"
      },
      "peerDependencies": {
        "@swc/core": ">=1.2.50",
        "@swc/wasm": ">=1.2.50",
        "@types/node": "*",
        "typescript": ">=2.7"
      },
      "peerDependenciesMeta": {
        "@swc/core": {
          "optional": true
        },
        "@swc/wasm": {
          "optional": true
        }
      }
    },
    "../node_modules/.pnpm/tsx@4.22.4/node_modules/tsx": {
      "version": "4.22.4",
      "dev": true,
      "license": "MIT",
      "dependencies": {
        "esbuild": "~0.28.0"
      },
      "bin": {
        "tsx": "dist/cli.mjs"
      },
      "engines": {
        "node": ">=18.0.0"
      },
      "optionalDependencies": {
        "fsevents": "~2.3.3"
      }
    },
    "../node_modules/.pnpm/typescript@5.7.3/node_modules/typescript": {
      "version": "5.7.3",
      "dev": true,
      "license": "Apache-2.0",
      "bin": {
        "tsc": "bin/tsc",
        "tsserver": "bin/tsserver"
      },
      "devDependencies": {
        "@dprint/formatter": "^0.4.1",
        "@dprint/typescript": "0.93.0",
        "@esfx/canceltoken": "^1.0.0",
        "@eslint/js": "^9.11.1",
        "@octokit/rest": "^21.0.2",
        "@types/chai": "^4.3.20",
        "@types/diff": "^5.2.2",
        "@types/minimist": "^1.2.5",
        "@types/mocha": "^10.0.8",
        "@types/ms": "^0.7.34",
        "@types/node": "latest",
        "@types/source-map-support": "^0.5.10",
        "@types/which": "^3.0.4",
        "@typescript-eslint/rule-tester": "^8.8.0",
        "@typescript-eslint/type-utils": "^8.8.0",
        "@typescript-eslint/utils": "^8.8.0",
        "azure-devops-node-api": "^14.1.0",
        "c8": "^10.1.2",
        "chai": "^4.5.0",
        "chalk": "^4.1.2",
        "chokidar": "^3.6.0",
        "diff": "^5.2.0",
        "dprint": "^0.47.2",
        "esbuild": "^0.24.0",
        "eslint": "^9.11.1",
        "eslint-formatter-autolinkable-stylish": "^1.4.0",
        "eslint-plugin-regexp": "^2.6.0",
        "fast-xml-parser": "^4.5.0",
        "glob": "^10.4.5",
        "globals": "^15.9.0",
        "hereby": "^1.10.0",
        "jsonc-parser": "^3.3.1",
        "knip": "^5.30.6",
        "minimist": "^1.2.8",
        "mocha": "^10.7.3",
        "mocha-fivemat-progress-reporter": "^0.1.0",
        "monocart-coverage-reports": "^2.11.0",
        "ms": "^2.1.3",
        "playwright": "^1.47.2",
        "source-map-support": "^0.5.21",
        "tslib": "^2.7.0",
        "typescript": "^5.6.2",
        "typescript-eslint": "^8.8.0",
        "which": "^3.0.1"
      },
      "engines": {
        "node": ">=14.17"
      }
    },
    "../node_modules/.pnpm/uuid@11.1.1/node_modules/uuid": {
      "version": "11.1.1",
      "funding": [
        "https://github.com/sponsors/broofa",
        "https://github.com/sponsors/ctavan"
      ],
      "license": "MIT",
      "bin": {
        "uuid": "dist/esm/bin/uuid"
      },
      "devDependencies": {
        "@babel/eslint-parser": "7.25.9",
        "@commitlint/cli": "19.6.1",
        "@commitlint/config-conventional": "19.6.0",
        "@eslint/js": "9.17.0",
        "@types/eslint__js": "8.42.3",
        "bundlewatch": "0.4.0",
        "commander": "12.1.0",
        "eslint": "9.17.0",
        "eslint-config-prettier": "9.1.0",
        "eslint-plugin-prettier": "5.2.1",
        "globals": "15.14.0",
        "husky": "9.1.7",
        "jest": "29.7.0",
        "lint-staged": "15.2.11",
        "neostandard": "0.12.0",
        "npm-run-all": "4.1.5",
        "prettier": "3.4.2",
        "release-please": "16.15.0",
        "runmd": "1.4.1",
        "standard-version": "9.5.0",
        "typescript": "5.0.4",
        "typescript-eslint": "8.18.2"
      }
    },
    "../node_modules/.pnpm/winston@3.19.0/node_modules/winston": {
      "version": "3.19.0",
      "license": "MIT",
      "dependencies": {
        "@colors/colors": "^1.6.0",
        "@dabh/diagnostics": "^2.0.8",
        "async": "^3.2.3",
        "is-stream": "^2.0.0",
        "logform": "^2.7.0",
        "one-time": "^1.0.0",
        "readable-stream": "^3.4.0",
        "safe-stable-stringify": "^2.3.1",
        "stack-trace": "0.0.x",
        "triple-beam": "^1.3.0",
        "winston-transport": "^4.9.0"
      },
      "devDependencies": {
        "@babel/cli": "^7.23.9",
        "@babel/core": "^7.24.0",
        "@babel/preset-env": "^7.24.0",
        "@dabh/eslint-config-populist": "^4.4.0",
        "@types/node": "^20.11.24",
        "abstract-winston-transport": "^0.5.1",
        "assume": "^2.2.0",
        "cross-spawn-async": "^2.2.5",
        "eslint": "^8.57.0",
        "hock": "^1.4.1",
        "jest": "^29.7.0",
        "rimraf": "5.0.10",
        "split2": "^4.1.0",
        "std-mocks": "^2.0.0",
        "through2": "^4.0.2",
        "winston-compat": "^0.1.5"
      },
      "engines": {
        "node": ">= 12.0.0"
      }
    },
    "../node_modules/.pnpm/zod@3.25.76/node_modules/zod": {
      "version": "3.25.76",
      "license": "MIT",
      "funding": {
        "url": "https://github.com/sponsors/colinhacks"
      }
    },
    "node_modules/@anthropic-ai/sdk": {
      "version": "0.102.0",
      "resolved": "https://registry.npmjs.org/@anthropic-ai/sdk/-/sdk-0.102.0.tgz",
      "integrity": "sha512-cThh3KcPW3lzkFyTz1cjyhJvOVw45NkLMoowO2ZJ/76CBz44ADUon+NsjEc/PypAkARs72Xu8qxTnx6PAOTQUQ==",
      "license": "MIT",
      "dependencies": {
        "json-schema-to-ts": "^3.1.1",
        "standardwebhooks": "^1.0.0"
      },
      "bin": {
        "anthropic-ai-sdk": "bin/cli"
      },
      "peerDependencies": {
        "zod": "^3.25.0 || ^4.0.0"
      },
      "peerDependenciesMeta": {
        "zod": {
          "optional": true
        }
      }
    },
    "node_modules/@babel/runtime": {
      "version": "7.29.7",
      "resolved": "https://registry.npmjs.org/@babel/runtime/-/runtime-7.29.7.tgz",
      "integrity": "sha512-Nq8OhGWiZIZGV6hLHoyAKLLcJihP/xFeBMGJoUrxTX2psI8dCifzLhZISFb+VWS3wFMRDmCGw5R+dOySCqPLhw==",
      "license": "MIT",
      "engines": {
        "node": ">=6.9.0"
      }
    },
    "node_modules/@google/generative-ai": {
      "resolved": "../node_modules/.pnpm/@google+generative-ai@0.23.0/node_modules/@google/generative-ai",
      "link": true
    },
    "node_modules/@stablelib/base64": {
      "version": "1.0.1",
      "resolved": "https://registry.npmjs.org/@stablelib/base64/-/base64-1.0.1.tgz",
      "integrity": "sha512-1bnPQqSxSuc3Ii6MhBysoWCg58j97aUjuCSZrGSmDxNqtytIi0k8utUenAwTZN4V5mXXYGsVUI9zeBqy+jBOSQ==",
      "license": "MIT"
    },
    "node_modules/@types/bcryptjs": {
      "resolved": "../node_modules/.pnpm/@types+bcryptjs@3.0.0/node_modules/@types/bcryptjs",
      "link": true
    },
    "node_modules/@types/compression": {
      "resolved": "../node_modules/.pnpm/@types+compression@1.8.1/node_modules/@types/compression",
      "link": true
    },
    "node_modules/@types/cookie-parser": {
      "resolved": "../node_modules/.pnpm/@types+cookie-parser@1.4.10_@types+express@4.17.25/node_modules/@types/cookie-parser",
      "link": true
    },
    "node_modules/@types/cors": {
      "resolved": "../node_modules/.pnpm/@types+cors@2.8.19/node_modules/@types/cors",
      "link": true
    },
    "node_modules/@types/express": {
      "resolved": "../node_modules/.pnpm/@types+express@4.17.25/node_modules/@types/express",
      "link": true
    },
    "node_modules/@types/jest": {
      "resolved": "../node_modules/.pnpm/@types+jest@29.5.14/node_modules/@types/jest",
      "link": true
    },
    "node_modules/@types/jsonwebtoken": {
      "resolved": "../node_modules/.pnpm/@types+jsonwebtoken@9.0.10/node_modules/@types/jsonwebtoken",
      "link": true
    },
    "node_modules/@types/morgan": {
      "resolved": "../node_modules/.pnpm/@types+morgan@1.9.10/node_modules/@types/morgan",
      "link": true
    },
    "node_modules/@types/multer": {
      "resolved": "../node_modules/.pnpm/@types+multer@1.4.13/node_modules/@types/multer",
      "link": true
    },
    "node_modules/@types/node-cron": {
      "resolved": "../node_modules/.pnpm/@types+node-cron@3.0.11/node_modules/@types/node-cron",
      "link": true
    },
    "node_modules/@types/nodemailer": {
      "resolved": "../node_modules/.pnpm/@types+nodemailer@6.4.23/node_modules/@types/nodemailer",
      "link": true
    },
    "node_modules/bcryptjs": {
      "resolved": "../node_modules/.pnpm/bcryptjs@3.0.3/node_modules/bcryptjs",
      "link": true
    },
    "node_modules/compromise": {
      "resolved": "../node_modules/.pnpm/compromise@14.15.1/node_modules/compromise",
      "link": true
    },
    "node_modules/cookie-parser": {
      "resolved": "../node_modules/.pnpm/cookie-parser@1.4.7/node_modules/cookie-parser",
      "link": true
    },
    "node_modules/cors": {
      "resolved": "../node_modules/.pnpm/cors@2.8.6/node_modules/cors",
      "link": true
    },
    "node_modules/dotenv": {
      "resolved": "../node_modules/.pnpm/dotenv@16.6.1/node_modules/dotenv",
      "link": true
    },
    "node_modules/express": {
      "resolved": "../node_modules/.pnpm/express@4.22.2/node_modules/express",
      "link": true
    },
    "node_modules/express-rate-limit": {
      "resolved": "../node_modules/.pnpm/express-rate-limit@8.5.2_express@4.22.2/node_modules/express-rate-limit",
      "link": true
    },
    "node_modules/fast-sha256": {
      "version": "1.3.0",
      "resolved": "https://registry.npmjs.org/fast-sha256/-/fast-sha256-1.3.0.tgz",
      "integrity": "sha512-n11RGP/lrWEFI/bWdygLxhI+pVeo1ZYIVwvvPkW7azl/rOy+F3HYRZ2K5zeE9mmkhQppyv9sQFx0JM9UabnpPQ==",
      "license": "Unlicense"
    },
    "node_modules/google-auth-library": {
      "resolved": "../node_modules/.pnpm/google-auth-library@10.6.2/node_modules/google-auth-library",
      "link": true
    },
    "node_modules/helmet": {
      "resolved": "../node_modules/.pnpm/helmet@8.2.0/node_modules/helmet",
      "link": true
    },
    "node_modules/http-status": {
      "resolved": "../node_modules/.pnpm/http-status@2.1.0/node_modules/http-status",
      "link": true
    },
    "node_modules/ioredis": {
      "resolved": "../node_modules/.pnpm/ioredis@5.11.1/node_modules/ioredis",
      "link": true
    },
    "node_modules/jest": {
      "resolved": "../node_modules/.pnpm/jest@29.7.0_@types+node@22.19.19_ts-node@10.9.2_@types+node@22.19.19_typescript@5.7.3_/node_modules/jest",
      "link": true
    },
    "node_modules/json-schema-to-ts": {
      "version": "3.1.1",
      "resolved": "https://registry.npmjs.org/json-schema-to-ts/-/json-schema-to-ts-3.1.1.tgz",
      "integrity": "sha512-+DWg8jCJG2TEnpy7kOm/7/AxaYoaRbjVB4LFZLySZlWn8exGs3A4OLJR966cVvU26N7X9TWxl+Jsw7dzAqKT6g==",
      "license": "MIT",
      "dependencies": {
        "@babel/runtime": "^7.18.3",
        "ts-algebra": "^2.0.0"
      },
      "engines": {
        "node": ">=16"
      }
    },
    "node_modules/jsonwebtoken": {
      "resolved": "../node_modules/.pnpm/jsonwebtoken@9.0.3/node_modules/jsonwebtoken",
      "link": true
    },
    "node_modules/mongodb-memory-server": {
      "resolved": "../node_modules/.pnpm/mongodb-memory-server@11.2.0/node_modules/mongodb-memory-server",
      "link": true
    },
    "node_modules/mongoose": {
      "resolved": "../node_modules/.pnpm/mongoose@8.24.0/node_modules/mongoose",
      "link": true
    },
    "node_modules/morgan": {
      "resolved": "../node_modules/.pnpm/morgan@1.11.0/node_modules/morgan",
      "link": true
    },
    "node_modules/multer": {
      "resolved": "../node_modules/.pnpm/multer@1.4.5-lts.2/node_modules/multer",
      "link": true
    },
    "node_modules/node-cron": {
      "resolved": "../node_modules/.pnpm/node-cron@4.2.1/node_modules/node-cron",
      "link": true
    },
    "node_modules/nodemailer": {
      "resolved": "../node_modules/.pnpm/nodemailer@8.0.8/node_modules/nodemailer",
      "link": true
    },
    "node_modules/openai": {
      "resolved": "../node_modules/.pnpm/openai@4.104.0_ws@8.20.1_zod@3.25.76/node_modules/openai",
      "link": true
    },
    "node_modules/razorpay": {
      "resolved": "../node_modules/.pnpm/razorpay@2.9.6/node_modules/razorpay",
      "link": true
    },
    "node_modules/socket.io": {
      "resolved": "../node_modules/.pnpm/socket.io@4.8.3/node_modules/socket.io",
      "link": true
    },
    "node_modules/standardwebhooks": {
      "version": "1.0.0",
      "resolved": "https://registry.npmjs.org/standardwebhooks/-/standardwebhooks-1.0.0.tgz",
      "integrity": "sha512-BbHGOQK9olHPMvQNHWul6MYlrRTAOKn03rOe4A8O3CLWhNf4YHBqq2HJKKC+sfqpxiBY52pNeesD6jIiLDz8jg==",
      "license": "MIT",
      "dependencies": {
        "@stablelib/base64": "^1.0.0",
        "fast-sha256": "^1.3.0"
      }
    },
    "node_modules/ts-algebra": {
      "version": "2.0.0",
      "resolved": "https://registry.npmjs.org/ts-algebra/-/ts-algebra-2.0.0.tgz",
      "integrity": "sha512-FPAhNPFMrkwz76P7cdjdmiShwMynZYN6SgOujD1urY4oNm80Ou9oMdmbR45LotcKOXoy7wSmHkRFE6Mxbrhefw==",
      "license": "MIT"
    },
    "node_modules/ts-jest": {
      "resolved": "../node_modules/.pnpm/ts-jest@29.4.11_@babel+core@7.29.0_@jest+transform@29.7.0_@jest+types@29.6.3_babel-jest@29.7._6w4ohrwcxopmsnq5c4sqzttp2u/node_modules/ts-jest",
      "link": true
    },
    "node_modules/ts-node": {
      "resolved": "../node_modules/.pnpm/ts-node@10.9.2_@types+node@22.19.19_typescript@5.7.3/node_modules/ts-node",
      "link": true
    },
    "node_modules/ts-node-dev": {
      "resolved": "../node_modules/.pnpm/ts-node-dev@2.0.0_@types+node@22.19.19_typescript@5.7.3/node_modules/ts-node-dev",
      "link": true
    },
    "node_modules/tsx": {
      "resolved": "../node_modules/.pnpm/tsx@4.22.4/node_modules/tsx",
      "link": true
    },
    "node_modules/typescript": {
      "resolved": "../node_modules/.pnpm/typescript@5.7.3/node_modules/typescript",
      "link": true
    },
    "node_modules/uuid": {
      "resolved": "../node_modules/.pnpm/uuid@11.1.1/node_modules/uuid",
      "link": true
    },
    "node_modules/winston": {
      "resolved": "../node_modules/.pnpm/winston@3.19.0/node_modules/winston",
      "link": true
    },
    "node_modules/zod": {
      "resolved": "../node_modules/.pnpm/zod@3.25.76/node_modules/zod",
      "link": true
    }
  }
}
